
Microsoft Visual Studio Solution File, Format Version 12.00
# Visual Studio Version 17
VisualStudioVersion = 17.8.34330.188
MinimumVisualStudioVersion = 10.0.40219.1
Project("{2150E333-8FDC-42A3-9474-1A3956D46DE8}") = "src", "src", "{6C83DD21-48CF-47A2-9E85-0EC0CA9F719A}"
EndProject
Project("{2150E333-8FDC-42A3-9474-1A3956D46DE8}") = "Infrastructure", "Infrastructure", "{E71035B5-9236-4DEF-BED5-49B83CE4768C}"
EndProject
Project("{2150E333-8FDC-42A3-9474-1A3956D46DE8}") = "Core", "Core", "{72404694-DEB9-4F66-8B22-FB356F570D5F}"
EndProject
Project("{2150E333-8FDC-42A3-9474-1A3956D46DE8}") = "Presentation", "Presentation", "{5A697D50-56EE-4E93-815C-133074366264}"
EndProject
Project("{9A19103F-16F7-4668-BE54-9A1E7A4F7556}") = "Domain", "src\Core\Domain\Domain.csproj", "{A40D06E5-61D8-4400-ACCE-D51DEAE593F4}"
EndProject
Project("{9A19103F-16F7-4668-BE54-9A1E7A4F7556}") = "Shared", "src\Infrastructure\Shared\Shared.csproj", "{1F8644AF-9750-45BA-9899-452214040ECA}"
EndProject
Project("{9A19103F-16F7-4668-BE54-9A1E7A4F7556}") = "Application", "src\Core\Application\Application.csproj", "{80C6EF6A-0D78-4F71-B66B-9752FA142E22}"
EndProject
Project("{9A19103F-16F7-4668-BE54-9A1E7A4F7556}") = "Persistence", "src\Infrastructure\Persistence\Persistence.csproj", "{5B448F0D-0E34-4263-B3EA-EE6E6F9C8257}"
EndProject
Project("{2150E333-8FDC-42A3-9474-1A3956D46DE8}") = "Docs", "Docs", "{C4AC070B-A23E-4C95-AEC8-192C31B68E83}"
	ProjectSection(SolutionItems) = preProject
		docs\ARQUITECTURA.md = docs\ARQUITECTURA.md
		docs\Docker-Commands.txt = docs\Docker-Commands.txt
		docs\EJEMPLOS.md = docs\EJEMPLOS.md
		docs\ESTRUCTURA_COMPLETA.md = docs\ESTRUCTURA_COMPLETA.md
		docs\GUIA_DESARROLLO.md = docs\GUIA_DESARROLLO.md
		docs\HERRAMIENTAS.md = docs\HERRAMIENTAS.md
		docs\INDICE.md = docs\INDICE.md
		docs\PAGINACION.md = docs\PAGINACION.md
	EndProjectSection
EndProject
Project("{2150E333-8FDC-42A3-9474-1A3956D46DE8}") = "Solution Items", "Solution Items", "{98460FD8-F847-45C7-A7B5-C9A510DAB6F9}"
	ProjectSection(SolutionItems) = preProject
		.editorconfig = .editorconfig
	EndProjectSection
EndProject
Project("{9A19103F-16F7-4668-BE54-9A1E7A4F7556}") = "Security", "src\Infrastructure\Security\Security.csproj", "{9255CE65-2F13-4381-8970-B2C4113AA84D}"
EndProject
Project("{FAE04EC0-301F-11D3-BF4B-00C04F79EFBC}") = "AppApi", "src\Presentation\AppApi\AppApi.csproj", "{678E5957-2067-4E4D-85C7-B62DBC228D85}"
EndProject
Project("{2150E333-8FDC-42A3-9474-1A3956D46DE8}") = "tests", "tests", "{0AB3BF05-4346-4AA6-1389-037BE0695223}"
EndProject
Project("{FAE04EC0-301F-11D3-BF4B-00C04F79EFBC}") = "Tests", "tests\Tests\Tests.csproj", "{FCB0B664-8229-4D5E-87ED-B2B2AC73DF68}"
EndProject
Global
	GlobalSection(SolutionConfigurationPlatforms) = preSolution
		Debug|Any CPU = Debug|Any CPU
		Debug|x64 = Debug|x64
		Debug|x86 = Debug|x86
		Release|Any CPU = Release|Any CPU
		Release|x64 = Release|x64
		Release|x86 = Release|x86
	EndGlobalSection
	GlobalSection(ProjectConfigurationPlatforms) = postSolution
		{A40D06E5-61D8-4400-ACCE-D51DEAE593F4}.Debug|Any CPU.ActiveCfg = Debug|Any CPU
		{A40D06E5-61D8-4400-ACCE-D51DEAE593F4}.Debug|Any CPU.Build.0 = Debug|Any CPU
		{A40D06E5-61D8-4400-ACCE-D51DEAE593F4}.Debug|x64.ActiveCfg = Debug|Any CPU
		{A40D06E5-61D8-4400-ACCE-D51DEAE593F4}.Debug|x64.Build.0 = Debug|Any CPU
		{A40D06E5-61D8-4400-ACCE-D51DEAE593F4}.Debug|x86.ActiveCfg = Debug|Any CPU
		{A40D06E5-61D8-4400-ACCE-D51DEAE593F4}.Debug|x86.Build.0 = Debug|Any CPU
		{A40D06E5-61D8-4400-ACCE-D51DEAE593F4}.Release|Any CPU.ActiveCfg = Release|Any CPU
		{A40D06E5-61D8-4400-ACCE-D51DEAE593F4}.Release|Any CPU.Build.0 = Release|Any CPU
		{A40D06E5-61D8-4400-ACCE-D51DEAE593F4}.Release|x64.ActiveCfg = Release|Any CPU
		{A40D06E5-61D8-4400-ACCE-D51DEAE593F4}.Release|x64.Build.0 = Release|Any CPU
		{A40D06E5-61D8-4400-ACCE-D51DEAE593F4}.Release|x86.ActiveCfg = Release|Any CPU
		{A40D06E5-61D8-4400-ACCE-D51DEAE593F4}.Release|x86.Build.0 = Release|Any CPU
		{1F8644AF-9750-45BA-9899-452214040ECA}.Debug|Any CPU.ActiveCfg = Debug|Any CPU
		{1F8644AF-9750-45BA-9899-452214040ECA}.Debug|Any CPU.Build.0 = Debug|Any CPU
		{1F8644AF-9750-45BA-9899-452214040ECA}.Debug|x64.ActiveCfg = Debug|Any CPU
		{1F8644AF-9750-45BA-9899-452214040ECA}.Debug|x64.Build.0 = Debug|Any CPU
		{1F8644AF-9750-45BA-9899-452214040ECA}.Debug|x86.ActiveCfg = Debug|Any CPU
		{1F8644AF-9750-45BA-9899-452214040ECA}.Debug|x86.Build.0 = Debug|Any CPU
		{1F8644AF-9750-45BA-9899-452214040ECA}.Release|Any CPU.ActiveCfg = Release|Any CPU
		{1F8644AF-9750-45BA-9899-452214040ECA}.Release|Any CPU.Build.0 = Release|Any CPU
		{1F8644AF-9750-45BA-9899-452214040ECA}.Release|x64.ActiveCfg = Release|Any CPU
		{1F8644AF-9750-45BA-9899-452214040ECA}.Release|x64.Build.0 = Release|Any CPU
		{1F8644AF-9750-45BA-9899-452214040ECA}.Release|x86.ActiveCfg = Release|Any CPU
		{1F8644AF-9750-45BA-9899-452214040ECA}.Release|x86.Build.0 = Release|Any CPU
		{80C6EF6A-0D78-4F71-B66B-9752FA142E22}.Debug|Any CPU.ActiveCfg = Debug|Any CPU
		{80C6EF6A-0D78-4F71-B66B-9752FA142E22}.Debug|Any CPU.Build.0 = Debug|Any CPU
		{80C6EF6A-0D78-4F71-B66B-9752FA142E22}.Debug|x64.ActiveCfg = Debug|Any CPU
		{80C6EF6A-0D78-4F71-B66B-9752FA142E22}.Debug|x64.Build.0 = Debug|Any CPU
		{80C6EF6A-0D78-4F71-B66B-9752FA142E22}.Debug|x86.ActiveCfg = Debug|Any CPU
		{80C6EF6A-0D78-4F71-B66B-9752FA142E22}.Debug|x86.Build.0 = Debug|Any CPU
		{80C6EF6A-0D78-4F71-B66B-9752FA142E22}.Release|Any CPU.ActiveCfg = Release|Any CPU
		{80C6EF6A-0D78-4F71-B66B-9752FA142E22}.Release|Any CPU.Build.0 = Release|Any CPU
		{80C6EF6A-0D78-4F71-B66B-9752FA142E22}.Release|x64.ActiveCfg = Release|Any CPU
		{80C6EF6A-0D78-4F71-B66B-9752FA142E22}.Release|x64.Build.0 = Release|Any CPU
		{80C6EF6A-0D78-4F71-B66B-9752FA142E22}.Release|x86.ActiveCfg = Release|Any CPU
		{80C6EF6A-0D78-4F71-B66B-9752FA142E22}.Release|x86.Build.0 = Release|Any CPU
		{5B448F0D-0E34-4263-B3EA-EE6E6F9C8257}.Debug|Any CPU.ActiveCfg = Debug|Any CPU
		{5B448F0D-0E34-4263-B3EA-EE6E6F9C8257}.Debug|Any CPU.Build.0 = Debug|Any CPU
		{5B448F0D-0E34-4263-B3EA-EE6E6F9C8257}.Debug|x64.ActiveCfg = Debug|Any CPU
		{5B448F0D-0E34-4263-B3EA-EE6E6F9C8257}.Debug|x64.Build.0 = Debug|Any CPU
		{5B448F0D-0E34-4263-B3EA-EE6E6F9C8257}.Debug|x86.ActiveCfg = Debug|Any CPU
		{5B448F0D-0E34-4263-B3EA-EE6E6F9C8257}.Debug|x86.Build.0 = Debug|Any CPU
		{5B448F0D-0E34-4263-B3EA-EE6E6F9C8257}.Release|Any CPU.ActiveCfg = Release|Any CPU
		{5B448F0D-0E34-4263-B3EA-EE6E6F9C8257}.Release|Any CPU.Build.0 = Release|Any CPU
		{5B448F0D-0E34-4263-B3EA-EE6E6F9C8257}.Release|x64.ActiveCfg = Release|Any CPU
		{5B448F0D-0E34-4263-B3EA-EE6E6F9C8257}.Release|x64.Build.0 = Release|Any CPU
		{5B448F0D-0E34-4263-B3EA-EE6E6F9C8257}.Release|x86.ActiveCfg = Release|Any CPU
		{5B448F0D-0E34-4263-B3EA-EE6E6F9C8257}.Release|x86.Build.0 = Release|Any CPU
		{9255CE65-2F13-4381-8970-B2C4113AA84D}.Debug|Any CPU.ActiveCfg = Debug|Any CPU
		{9255CE65-2F13-4381-8970-B2C4113AA84D}.Debug|Any CPU.Build.0 = Debug|Any CPU
		{9255CE65-2F13-4381-8970-B2C4113AA84D}.Debug|x64.ActiveCfg = Debug|Any CPU
		{9255CE65-2F13-4381-8970-B2C4113AA84D}.Debug|x64.Build.0 = Debug|Any CPU
		{9255CE65-2F13-4381-8970-B2C4113AA84D}.Debug|x86.ActiveCfg = Debug|Any CPU
		{9255CE65-2F13-4381-8970-B2C4113AA84D}.Debug|x86.Build.0 = Debug|Any CPU
		{9255CE65-2F13-4381-8970-B2C4113AA84D}.Release|Any CPU.ActiveCfg = Release|Any CPU
		{9255CE65-2F13-4381-8970-B2C4113AA84D}.Release|Any CPU.Build.0 = Release|Any CPU
		{9255CE65-2F13-4381-8970-B2C4113AA84D}.Release|x64.ActiveCfg = Release|Any CPU
		{9255CE65-2F13-4381-8970-B2C4113AA84D}.Release|x64.Build.0 = Release|Any CPU
		{9255CE65-2F13-4381-8970-B2C4113AA84D}.Release|x86.ActiveCfg = Release|Any CPU
		{9255CE65-2F13-4381-8970-B2C4113AA84D}.Release|x86.Build.0 = Release|Any CPU
		{678E5957-2067-4E4D-85C7-B62DBC228D85}.Debug|Any CPU.ActiveCfg = Debug|Any CPU
		{678E5957-2067-4E4D-85C7-B62DBC228D85}.Debug|Any CPU.Build.0 = Debug|Any CPU
		{678E5957-2067-4E4D-85C7-B62DBC228D85}.Debug|x64.ActiveCfg = Debug|Any CPU
		{678E5957-2067-4E4D-85C7-B62DBC228D85}.Debug|x64.Build.0 = Debug|Any CPU
		{678E5957-2067-4E4D-85C7-B62DBC228D85}.Debug|x86.ActiveCfg = Debug|Any CPU
		{678E5957-2067-4E4D-85C7-B62DBC228D85}.Debug|x86.Build.0 = Debug|Any CPU
		{678E5957-2067-4E4D-85C7-B62DBC228D85}.Release|Any CPU.ActiveCfg = Release|Any CPU
		{678E5957-2067-4E4D-85C7-B62DBC228D85}.Release|Any CPU.Build.0 = Release|Any CPU
		{678E5957-2067-4E4D-85C7-B62DBC228D85}.Release|x64.ActiveCfg = Release|Any CPU
		{678E5957-2067-4E4D-85C7-B62DBC228D85}.Release|x64.Build.0 = Release|Any CPU
		{678E5957-2067-4E4D-85C7-B62DBC228D85}.Release|x86.ActiveCfg = Release|Any CPU
		{678E5957-2067-4E4D-85C7-B62DBC228D85}.Release|x86.Build.0 = Release|Any CPU
		{FCB0B664-8229-4D5E-87ED-B2B2AC73DF68}.Debug|Any CPU.ActiveCfg = Debug|Any CPU
		{FCB0B664-8229-4D5E-87ED-B2B2AC73DF68}.Debug|Any CPU.Build.0 = Debug|Any CPU
		{FCB0B664-8229-4D5E-87ED-B2B2AC73DF68}.Debug|x64.ActiveCfg = Debug|Any CPU
		{FCB0B664-8229-4D5E-87ED-B2B2AC73DF68}.Debug|x64.Build.0 = Debug|Any CPU
		{FCB0B664-8229-4D5E-87ED-B2B2AC73DF68}.Debug|x86.ActiveCfg = Debug|Any CPU
		{FCB0B664-8229-4D5E-87ED-B2B2AC73DF68}.Debug|x86.Build.0 = Debug|Any CPU
		{FCB0B664-8229-4D5E-87ED-B2B2AC73DF68}.Release|Any CPU.ActiveCfg = Release|Any CPU
		{FCB0B664-8229-4D5E-87ED-B2B2AC73DF68}.Release|Any CPU.Build.0 = Release|Any CPU
		{FCB0B664-8229-4D5E-87ED-B2B2AC73DF68}.Release|x64.ActiveCfg = Release|Any CPU
		{FCB0B664-8229-4D5E-87ED-B2B2AC73DF68}.Release|x64.Build.0 = Release|Any CPU
		{FCB0B664-8229-4D5E-87ED-B2B2AC73DF68}.Release|x86.ActiveCfg = Release|Any CPU
		{FCB0B664-8229-4D5E-87ED-B2B2AC73DF68}.Release|x86.Build.0 = Release|Any CPU
	EndGlobalSection
	GlobalSection(SolutionProperties) = preSolution
		HideSolutionNode = FALSE
	EndGlobalSection
	GlobalSection(NestedProjects) = preSolution
		{E71035B5-9236-4DEF-BED5-49B83CE4768C} = {6C83DD21-48CF-47A2-9E85-0EC0CA9F719A}
		{72404694-DEB9-4F66-8B22-FB356F570D5F} = {6C83DD21-48CF-47A2-9E85-0EC0CA9F719A}
		{5A697D50-56EE-4E93-815C-133074366264} = {6C83DD21-48CF-47A2-9E85-0EC0CA9F719A}
		{A40D06E5-61D8-4400-ACCE-D51DEAE593F4} = {72404694-DEB9-4F66-8B22-FB356F570D5F}
		{1F8644AF-9750-45BA-9899-452214040ECA} = {E71035B5-9236-4DEF-BED5-49B83CE4768C}
		{80C6EF6A-0D78-4F71-B66B-9752FA142E22} = {72404694-DEB9-4F66-8B22-FB356F570D5F}
		{5B448F0D-0E34-4263-B3EA-EE6E6F9C8257} = {E71035B5-9236-4DEF-BED5-49B83CE4768C}
		{9255CE65-2F13-4381-8970-B2C4113AA84D} = {E71035B5-9236-4DEF-BED5-49B83CE4768C}
		{678E5957-2067-4E4D-85C7-B62DBC228D85} = {5A697D50-56EE-4E93-815C-133074366264}
		{FCB0B664-8229-4D5E-87ED-B2B2AC73DF68} = {0AB3BF05-4346-4AA6-1389-037BE0695223}
	EndGlobalSection
	GlobalSection(ExtensibilityGlobals) = postSolution
		SolutionGuid = {6814679A-D908-4814-800E-05A4F7110779}
	EndGlobalSection
EndGlobal
